
Microsoft Visual Studio Solution File, Format Version 12.00
# Visual Studio 15
Project("{FAE04EC0-301F-11D3-BF4B-00C04F79EFBC}") = "PlayFab", "PlayFab.csproj", "{279EEBBF-AFDE-D374-A27E-F083AB8EA786}"
EndProject
Project("{FAE04EC0-301F-11D3-BF4B-00C04F79EFBC}") = "Assembly-CSharp", "Assembly-CSharp.csproj", "{AE33F79B-FFEF-B9FC-C02D-7091C8C7058A}"
EndProject
Project("{FAE04EC0-301F-11D3-BF4B-00C04F79EFBC}") = "DOTweenAssembly", "DOTweenAssembly.csproj", "{074AEFF3-B8C3-5120-CDF5-82243EF55F5E}"
EndProject
Project("{FAE04EC0-301F-11D3-BF4B-00C04F79EFBC}") = "DOTweenAssemblyEditor", "DOTweenAssemblyEditor.csproj", "{BD43AC27-1D8D-54E4-D441-FBB9EC7E4D0E}"
EndProject
Project("{FAE04EC0-301F-11D3-BF4B-00C04F79EFBC}") = "PlayFabSDKEditor", "PlayFabSDKEditor.csproj", "{B469F609-A3AC-2B85-1DB5-F3998BBDE02B}"
EndProject
Global
	GlobalSection(SolutionConfigurationPlatforms) = preSolution
		Debug|Any CPU = Debug|Any CPU
		Release|Any CPU = Release|Any CPU
	EndGlobalSection
	GlobalSection(ProjectConfigurationPlatforms) = postSolution
		{279EEBBF-AFDE-D374-A27E-F083AB8EA786}.Debug|Any CPU.ActiveCfg = Debug|Any CPU
		{279EEBBF-AFDE-D374-A27E-F083AB8EA786}.Debug|Any CPU.Build.0 = Debug|Any CPU
		{279EEBBF-AFDE-D374-A27E-F083AB8EA786}.Release|Any CPU.ActiveCfg = Release|Any CPU
		{279EEBBF-AFDE-D374-A27E-F083AB8EA786}.Release|Any CPU.Build.0 = Release|Any CPU
		{AE33F79B-FFEF-B9FC-C02D-7091C8C7058A}.Debug|Any CPU.ActiveCfg = Debug|Any CPU
		{AE33F79B-FFEF-B9FC-C02D-7091C8C7058A}.Debug|Any CPU.Build.0 = Debug|Any CPU
		{AE33F79B-FFEF-B9FC-C02D-7091C8C7058A}.Release|Any CPU.ActiveCfg = Release|Any CPU
		{AE33F79B-FFEF-B9FC-C02D-7091C8C7058A}.Release|Any CPU.Build.0 = Release|Any CPU
		{074AEFF3-B8C3-5120-CDF5-82243EF55F5E}.Debug|Any CPU.ActiveCfg = Debug|Any CPU
		{074AEFF3-B8C3-5120-CDF5-82243EF55F5E}.Debug|Any CPU.Build.0 = Debug|Any CPU
		{074AEFF3-B8C3-5120-CDF5-82243EF55F5E}.Release|Any CPU.ActiveCfg = Release|Any CPU
		{074AEFF3-B8C3-5120-CDF5-82243EF55F5E}.Release|Any CPU.Build.0 = Release|Any CPU
		{BD43AC27-1D8D-54E4-D441-FBB9EC7E4D0E}.Debug|Any CPU.ActiveCfg = Debug|Any CPU
		{BD43AC27-1D8D-54E4-D441-FBB9EC7E4D0E}.Debug|Any CPU.Build.0 = Debug|Any CPU
		{BD43AC27-1D8D-54E4-D441-FBB9EC7E4D0E}.Release|Any CPU.ActiveCfg = Release|Any CPU
		{BD43AC27-1D8D-54E4-D441-FBB9EC7E4D0E}.Release|Any CPU.Build.0 = Release|Any CPU
		{B469F609-A3AC-2B85-1DB5-F3998BBDE02B}.Debug|Any CPU.ActiveCfg = Debug|Any CPU
		{B469F609-A3AC-2B85-1DB5-F3998BBDE02B}.Debug|Any CPU.Build.0 = Debug|Any CPU
		{B469F609-A3AC-2B85-1DB5-F3998BBDE02B}.Release|Any CPU.ActiveCfg = Release|Any CPU
		{B469F609-A3AC-2B85-1DB5-F3998BBDE02B}.Release|Any CPU.Build.0 = Release|Any CPU
	EndGlobalSection
	GlobalSection(SolutionProperties) = preSolution
		HideSolutionNode = FALSE
	EndGlobalSection
EndGlobal
